
Microsoft Visual Studio Solution File, Format Version 12.00
# Visual Studio 15
VisualStudioVersion = 15.0.28010.2026
MinimumVisualStudioVersion = 10.0.40219.1
Project("{8BC9CEB8-8B4A-11D0-8D11-00A0C91BC942}") = "Up, Up and Away", "Up, Up and Away\Up, Up and Away.vcxproj", "{3FBCFE35-8A5B-4E8B-971D-5CBDB9DAC09D}"
EndProject
Global
	GlobalSection(SolutionConfigurationPlatforms) = preSolution
		Debug|x64 = Debug|x64
		Debug|x86 = Debug|x86
		Release|x64 = Release|x64
		Release|x86 = Release|x86
	EndGlobalSection
	GlobalSection(ProjectConfigurationPlatforms) = postSolution
		{3FBCFE35-8A5B-4E8B-971D-5CBDB9DAC09D}.Debug|x64.ActiveCfg = Debug|x64
		{3FBCFE35-8A5B-4E8B-971D-5CBDB9DAC09D}.Debug|x64.Build.0 = Debug|x64
		{3FBCFE35-8A5B-4E8B-971D-5CBDB9DAC09D}.Debug|x86.ActiveCfg = Debug|Win32
		{3FBCFE35-8A5B-4E8B-971D-5CBDB9DAC09D}.Debug|x86.Build.0 = Debug|Win32
		{3FBCFE35-8A5B-4E8B-971D-5CBDB9DAC09D}.Release|x64.ActiveCfg = Release|x64
		{3FBCFE35-8A5B-4E8B-971D-5CBDB9DAC09D}.Release|x64.Build.0 = Release|x64
		{3FBCFE35-8A5B-4E8B-971D-5CBDB9DAC09D}.Release|x86.ActiveCfg = Release|Win32
		{3FBCFE35-8A5B-4E8B-971D-5CBDB9DAC09D}.Release|x86.Build.0 = Release|Win32
	EndGlobalSection
	GlobalSection(SolutionProperties) = preSolution
		HideSolutionNode = FALSE
	EndGlobalSection
	GlobalSection(ExtensibilityGlobals) = postSolution
		SolutionGuid = {A6685C11-BF2C-4126-9C2F-4596A2A1B6A5}
	EndGlobalSection
EndGlobal
